
Microsoft Visual Studio Solution File, Format Version 12.00
# Visual Studio Version 17
VisualStudioVersion = 17.5.33502.453
MinimumVisualStudioVersion = 10.0.40219.1
Project("{FAE04EC0-301F-11D3-BF4B-00C04F79EFBC}") = "work_01", "work_01\work_01.csproj", "{C0CA883D-9624-4B6A-A889-7597B86C3974}"
EndProject
Global
	GlobalSection(SolutionConfigurationPlatforms) = preSolution
		Debug|Any CPU = Debug|Any CPU
		Release|Any CPU = Release|Any CPU
	EndGlobalSection
	GlobalSection(ProjectConfigurationPlatforms) = postSolution
		{C0CA883D-9624-4B6A-A889-7597B86C3974}.Debug|Any CPU.ActiveCfg = Debug|Any CPU
		{C0CA883D-9624-4B6A-A889-7597B86C3974}.Debug|Any CPU.Build.0 = Debug|Any CPU
		{C0CA883D-9624-4B6A-A889-7597B86C3974}.Release|Any CPU.ActiveCfg = Release|Any CPU
		{C0CA883D-9624-4B6A-A889-7597B86C3974}.Release|Any CPU.Build.0 = Release|Any CPU
	EndGlobalSection
	GlobalSection(SolutionProperties) = preSolution
		HideSolutionNode = FALSE
	EndGlobalSection
	GlobalSection(ExtensibilityGlobals) = postSolution
		SolutionGuid = {52C4D6CD-47C2-4E09-8A1A-292CBF830965}
	EndGlobalSection
EndGlobal
